
Microsoft Visual Studio Solution File, Format Version 12.00
# Visual Studio 2012
Project("{FAE04EC0-301F-11D3-BF4B-00C04F79EFBC}") = "ARDemo.iOS", "ARDemo.iOS\ARDemo.iOS.csproj", "{2CDB7F26-1DAA-4EDB-A570-7239C9634CFF}"
EndProject
Project("{D954291E-2A0B-460D-934E-DC6B0785DB48}") = "ARDemo.Core", "ARDemo.Core\ARDemo.Core.shproj", "{4863C1A5-7DA7-4066-A5AB-5D3E28E308B7}"
EndProject
Global
	GlobalSection(SolutionConfigurationPlatforms) = preSolution
		Debug|iPhoneSimulator = Debug|iPhoneSimulator
		Release|iPhoneSimulator = Release|iPhoneSimulator
		Debug|iPhone = Debug|iPhone
		Release|iPhone = Release|iPhone
		Ad-Hoc|iPhone = Ad-Hoc|iPhone
		AppStore|iPhone = AppStore|iPhone
	EndGlobalSection
	GlobalSection(ProjectConfigurationPlatforms) = postSolution
		{2CDB7F26-1DAA-4EDB-A570-7239C9634CFF}.Ad-Hoc|iPhone.ActiveCfg = Ad-Hoc|iPhone
		{2CDB7F26-1DAA-4EDB-A570-7239C9634CFF}.Ad-Hoc|iPhone.Build.0 = Ad-Hoc|iPhone
		{2CDB7F26-1DAA-4EDB-A570-7239C9634CFF}.AppStore|iPhone.ActiveCfg = AppStore|iPhone
		{2CDB7F26-1DAA-4EDB-A570-7239C9634CFF}.AppStore|iPhone.Build.0 = AppStore|iPhone
		{2CDB7F26-1DAA-4EDB-A570-7239C9634CFF}.Debug|iPhone.ActiveCfg = Debug|iPhone
		{2CDB7F26-1DAA-4EDB-A570-7239C9634CFF}.Debug|iPhone.Build.0 = Debug|iPhone
		{2CDB7F26-1DAA-4EDB-A570-7239C9634CFF}.Debug|iPhoneSimulator.ActiveCfg = Debug|iPhoneSimulator
		{2CDB7F26-1DAA-4EDB-A570-7239C9634CFF}.Debug|iPhoneSimulator.Build.0 = Debug|iPhoneSimulator
		{2CDB7F26-1DAA-4EDB-A570-7239C9634CFF}.Release|iPhone.ActiveCfg = Release|iPhone
		{2CDB7F26-1DAA-4EDB-A570-7239C9634CFF}.Release|iPhone.Build.0 = Release|iPhone
		{2CDB7F26-1DAA-4EDB-A570-7239C9634CFF}.Release|iPhoneSimulator.ActiveCfg = Release|iPhoneSimulator
		{2CDB7F26-1DAA-4EDB-A570-7239C9634CFF}.Release|iPhoneSimulator.Build.0 = Release|iPhoneSimulator
	EndGlobalSection
	GlobalSection(MonoDevelopProperties) = preSolution
		StartupItem = ARDemo.iOS\ARDemo.iOS.csproj
	EndGlobalSection
EndGlobal
